
Microsoft Visual Studio Solution File, Format Version 12.00
# Visual Studio Version 16
VisualStudioVersion = 16.0.30413.136
MinimumVisualStudioVersion = 10.0.40219.1
Project("{FAE04EC0-301F-11D3-BF4B-00C04F79EFBC}") = "Datum 00", "Datum 00\Datum 00.csproj", "{6F8F9E0B-486A-406C-B1BE-FD91A077FCD9}"
EndProject
Project("{FAE04EC0-301F-11D3-BF4B-00C04F79EFBC}") = "DatumCas01", "DatumCas01\DatumCas01.csproj", "{81C70921-0750-4BEE-9E70-3FD5B1856D32}"
EndProject
Project("{FAE04EC0-301F-11D3-BF4B-00C04F79EFBC}") = "DatumCas02", "DatumCas02\DatumCas02.csproj", "{EC4DB86B-10F8-46FC-B36B-5AFEF0676EB0}"
EndProject
Global
	GlobalSection(SolutionConfigurationPlatforms) = preSolution
		Debug|Any CPU = Debug|Any CPU
		Release|Any CPU = Release|Any CPU
	EndGlobalSection
	GlobalSection(ProjectConfigurationPlatforms) = postSolution
		{6F8F9E0B-486A-406C-B1BE-FD91A077FCD9}.Debug|Any CPU.ActiveCfg = Debug|Any CPU
		{6F8F9E0B-486A-406C-B1BE-FD91A077FCD9}.Debug|Any CPU.Build.0 = Debug|Any CPU
		{6F8F9E0B-486A-406C-B1BE-FD91A077FCD9}.Release|Any CPU.ActiveCfg = Release|Any CPU
		{6F8F9E0B-486A-406C-B1BE-FD91A077FCD9}.Release|Any CPU.Build.0 = Release|Any CPU
		{81C70921-0750-4BEE-9E70-3FD5B1856D32}.Debug|Any CPU.ActiveCfg = Debug|Any CPU
		{81C70921-0750-4BEE-9E70-3FD5B1856D32}.Debug|Any CPU.Build.0 = Debug|Any CPU
		{81C70921-0750-4BEE-9E70-3FD5B1856D32}.Release|Any CPU.ActiveCfg = Release|Any CPU
		{81C70921-0750-4BEE-9E70-3FD5B1856D32}.Release|Any CPU.Build.0 = Release|Any CPU
		{EC4DB86B-10F8-46FC-B36B-5AFEF0676EB0}.Debug|Any CPU.ActiveCfg = Debug|Any CPU
		{EC4DB86B-10F8-46FC-B36B-5AFEF0676EB0}.Debug|Any CPU.Build.0 = Debug|Any CPU
		{EC4DB86B-10F8-46FC-B36B-5AFEF0676EB0}.Release|Any CPU.ActiveCfg = Release|Any CPU
		{EC4DB86B-10F8-46FC-B36B-5AFEF0676EB0}.Release|Any CPU.Build.0 = Release|Any CPU
	EndGlobalSection
	GlobalSection(SolutionProperties) = preSolution
		HideSolutionNode = FALSE
	EndGlobalSection
	GlobalSection(ExtensibilityGlobals) = postSolution
		SolutionGuid = {8CA46802-8AB4-4FF4-8B67-32C8A0D58617}
	EndGlobalSection
EndGlobal
